
Microsoft Visual Studio Solution File, Format Version 12.00
# Visual Studio Version 16
VisualStudioVersion = 16.0.29215.179
MinimumVisualStudioVersion = 10.0.40219.1
Project("{FAE04EC0-301F-11D3-BF4B-00C04F79EFBC}") = "StuManageSys", "StuManageSys\StuManageSys.csproj", "{BD8C132E-397C-4148-8482-53BB8161EC10}"
EndProject
Global
	GlobalSection(SolutionConfigurationPlatforms) = preSolution
		Debug|Any CPU = Debug|Any CPU
		Release|Any CPU = Release|Any CPU
	EndGlobalSection
	GlobalSection(ProjectConfigurationPlatforms) = postSolution
		{BD8C132E-397C-4148-8482-53BB8161EC10}.Debug|Any CPU.ActiveCfg = Debug|Any CPU
		{BD8C132E-397C-4148-8482-53BB8161EC10}.Debug|Any CPU.Build.0 = Debug|Any CPU
		{BD8C132E-397C-4148-8482-53BB8161EC10}.Release|Any CPU.ActiveCfg = Release|Any CPU
		{BD8C132E-397C-4148-8482-53BB8161EC10}.Release|Any CPU.Build.0 = Release|Any CPU
	EndGlobalSection
	GlobalSection(SolutionProperties) = preSolution
		HideSolutionNode = FALSE
	EndGlobalSection
	GlobalSection(ExtensibilityGlobals) = postSolution
		SolutionGuid = {87347DDE-0902-4DE1-A6C7-4D5C2EB077FA}
	EndGlobalSection
EndGlobal
